{
    "_readme": [
        "This file locks the dependencies of your project to a known state",
        "Read more about it at https://getcomposer.org/doc/01-basic-usage.md#composer-lock-the-lock-file",
        "This file is @generated automatically"
    ],
    "hash": "1d1e0e99641a76a6329eea1b0c485c8e",
    "content-hash": "b5f1f30113ffcd339168ceee0ef1bde2",
    "packages": [
        {
            "name": "league/flysystem",
            "version": "1.0.14",
            "source": {
                "type": "git",
                "url": "https://github.com/thephpleague/flysystem.git",
                "reference": "202c7775d959f377e2e302d93e7127c47604438a"
            },
            "dist": {
                "type": "zip",
                "url": "http://packagist.phpcomposer.com/files/thephpleague/flysystem/202c7775d959f377e2e302d93e7127c47604438a.zip",
                "reference": "202c7775d959f377e2e302d93e7127c47604438a",
                "shasum": ""
            },
            "require": {
                "php": ">=5.4.0"
            },
            "conflict": {
                "league/flysystem-sftp": "<1.0.6"
            },
            "require-dev": {
                "ext-fileinfo": "*",
                "mockery/mockery": "~0.9",
                "phpspec/phpspec": "^2.2",
                "phpspec/prophecy-phpunit": "~1.0",
                "phpunit/phpunit": "~4.1"
            },
            "suggest": {
                "ext-fileinfo": "Required for MimeType",
                "league/flysystem-aws-s3-v2": "Allows you to use S3 storage with AWS SDK v2",
                "league/flysystem-aws-s3-v3": "Allows you to use S3 storage with AWS SDK v3",
                "league/flysystem-azure": "Allows you to use Windows Azure Blob storage",
                "league/flysystem-cached-adapter": "Flysystem adapter decorator for metadata caching",
                "league/flysystem-copy": "Allows you to use Copy.com storage",
                "league/flysystem-dropbox": "Allows you to use Dropbox storage",
                "league/flysystem-eventable-filesystem": "Allows you to use EventableFilesystem",
                "league/flysystem-rackspace": "Allows you to use Rackspace Cloud Files",
                "league/flysystem-sftp": "Allows you to use SFTP server storage via phpseclib",
                "league/flysystem-webdav": "Allows you to use WebDAV storage",
                "league/flysystem-ziparchive": "Allows you to use ZipArchive adapter"
            },
            "type": "library",
            "extra": {
                "branch-alias": {
                    "dev-master": "1.1-dev"
                }
            },
            "autoload": {
                "psr-4": {
                    "League\\Flysystem\\": "src/"
                }
            },
            "notification-url": "https://packagist.org/downloads/",
            "license": [
                "MIT"
            ],
            "authors": [
                {
                    "name": "Frank de Jonge",
                    "email": "info@frenky.net"
                }
            ],
            "description": "Filesystem abstraction: Many filesystems, one API.",
            "keywords": [
                "Cloud Files",
                "WebDAV",
                "abstraction",
                "aws",
                "cloud",
                "copy.com",
                "dropbox",
                "file systems",
                "files",
                "filesystem",
                "filesystems",
                "ftp",
                "rackspace",
                "remote",
                "s3",
                "sftp",
                "storage"
            ],
            "time": "2015-09-22 19:18:28"
        },
        {
            "name": "monster/aliyun-oss-sdk",
            "version": "1.0.1",
            "source": {
                "type": "git",
                "url": "https://github.com/twn39/aliyun-oss-sdk.git",
                "reference": "607a63b78775e1030487e88e37bad6d2378d23e9"
            },
            "dist": {
                "type": "zip",
                "url": "http://packagist.phpcomposer.com/files/twn39/aliyun-oss-sdk/607a63b78775e1030487e88e37bad6d2378d23e9.zip",
                "reference": "607a63b78775e1030487e88e37bad6d2378d23e9",
                "shasum": ""
            },
            "require": {
                "php": ">=5.4.0"
            },
            "type": "library",
            "autoload": {
                "files": [
                    "src/sdk.class.php"
                ]
            },
            "notification-url": "https://packagist.org/downloads/",
            "license": [
                "MIT"
            ],
            "authors": [
                {
                    "name": "twn39",
                    "email": "twn39@163.com"
                }
            ],
            "description": "aliyun oss sdk",
            "homepage": "https://github.com/twn39/aliyun-oss-sdk.git",
            "keywords": [
                "aliyun",
                "oss",
                "sdk"
            ],
            "time": "2015-09-22 06:38:26"
        }
    ],
    "packages-dev": [],
    "aliases": [],
    "minimum-stability": "stable",
    "stability-flags": [],
    "prefer-stable": false,
    "prefer-lowest": false,
    "platform": [],
    "platform-dev": []
}
